// !$*UTF8*$!
{
	archiveVersion = 1;
	classes = {
	};
	objectVersion = 56;
	objects = {

/* Begin PBXBuildFile section */
		ED49064C28A593950032C302 /* NetworkManager.swift in Sources */ = {isa = PBXBuildFile; fileRef = ED49064B28A593950032C302 /* NetworkManager.swift */; };
		ED49064D28A593950032C302 /* NetworkManager.swift in Sources */ = {isa = PBXBuildFile; fileRef = ED49064B28A593950032C302 /* NetworkManager.swift */; };
		ED6D091528A5802C002BC3CB /* RepoWatcherApp.swift in Sources */ = {isa = PBXBuildFile; fileRef = ED6D091428A5802C002BC3CB /* RepoWatcherApp.swift */; };
		ED6D091728A5802C002BC3CB /* ContentView.swift in Sources */ = {isa = PBXBuildFile; fileRef = ED6D091628A5802C002BC3CB /* ContentView.swift */; };
		ED6D091928A5802C002BC3CB /* Assets.xcassets in Resources */ = {isa = PBXBuildFile; fileRef = ED6D091828A5802C002BC3CB /* Assets.xcassets */; };
		ED6D091C28A5802C002BC3CB /* Preview Assets.xcassets in Resources */ = {isa = PBXBuildFile; fileRef = ED6D091B28A5802C002BC3CB /* Preview Assets.xcassets */; };
		ED6D092928A5808C002BC3CB /* WidgetKit.framework in Frameworks */ = {isa = PBXBuildFile; fileRef = ED6D092828A5808B002BC3CB /* WidgetKit.framework */; };
		ED6D092B28A5808C002BC3CB /* SwiftUI.framework in Frameworks */ = {isa = PBXBuildFile; fileRef = ED6D092A28A5808C002BC3CB /* SwiftUI.framework */; };
		ED6D092E28A5808C002BC3CB /* DoubleRepoWidget.swift in Sources */ = {isa = PBXBuildFile; fileRef = ED6D092D28A5808C002BC3CB /* DoubleRepoWidget.swift */; };
		ED6D093028A5808C002BC3CB /* Assets.xcassets in Resources */ = {isa = PBXBuildFile; fileRef = ED6D092F28A5808C002BC3CB /* Assets.xcassets */; };
		ED6D093428A5808C002BC3CB /* RepoWatcherWidgetExtension.appex in Embed Foundation Extensions */ = {isa = PBXBuildFile; fileRef = ED6D092628A5808B002BC3CB /* RepoWatcherWidgetExtension.appex */; settings = {ATTRIBUTES = (RemoveHeadersOnCopy, ); }; };
		ED6D093A28A5881A002BC3CB /* Repository.swift in Sources */ = {isa = PBXBuildFile; fileRef = ED6D093928A5881A002BC3CB /* Repository.swift */; };
		ED6D093C28A58B12002BC3CB /* Repository.swift in Sources */ = {isa = PBXBuildFile; fileRef = ED6D093928A5881A002BC3CB /* Repository.swift */; };
		EDA2B97828ABF2AC004C9D86 /* WidgetBundle.swift in Sources */ = {isa = PBXBuildFile; fileRef = EDA2B97728ABF2AC004C9D86 /* WidgetBundle.swift */; };
		EDA2B97A28ABF414004C9D86 /* SingleRepoWidget.swift in Sources */ = {isa = PBXBuildFile; fileRef = EDA2B97928ABF414004C9D86 /* SingleRepoWidget.swift */; };
		EDA2B97C28ABFC47004C9D86 /* ContributorMediumView.swift in Sources */ = {isa = PBXBuildFile; fileRef = EDA2B97B28ABFC47004C9D86 /* ContributorMediumView.swift */; };
		EDA2B97E28ABFDFF004C9D86 /* Contributor.swift in Sources */ = {isa = PBXBuildFile; fileRef = EDA2B97D28ABFDFF004C9D86 /* Contributor.swift */; };
		EDA2B97F28ABFDFF004C9D86 /* Contributor.swift in Sources */ = {isa = PBXBuildFile; fileRef = EDA2B97D28ABFDFF004C9D86 /* Contributor.swift */; };
		EDE2D5A828D6743C00E60C10 /* UserDefaults+Ext.swift in Sources */ = {isa = PBXBuildFile; fileRef = EDE2D5A728D6743C00E60C10 /* UserDefaults+Ext.swift */; };
		EDE2D5AA28D6818400E60C10 /* SelectRepoIntents.intentdefinition in Sources */ = {isa = PBXBuildFile; fileRef = EDE2D5A928D6818400E60C10 /* SelectRepoIntents.intentdefinition */; };
		EDE2D5AB28D6818400E60C10 /* SelectRepoIntents.intentdefinition in Sources */ = {isa = PBXBuildFile; fileRef = EDE2D5A928D6818400E60C10 /* SelectRepoIntents.intentdefinition */; };
		EDE2D5B328D6827800E60C10 /* Intents.framework in Frameworks */ = {isa = PBXBuildFile; fileRef = EDE2D5B228D6827800E60C10 /* Intents.framework */; };
		EDE2D5B628D6827800E60C10 /* IntentHandler.swift in Sources */ = {isa = PBXBuildFile; fileRef = EDE2D5B528D6827800E60C10 /* IntentHandler.swift */; };
		EDE2D5BA28D6827800E60C10 /* RepoWatcherIntents.appex in Embed Foundation Extensions */ = {isa = PBXBuildFile; fileRef = EDE2D5B128D6827800E60C10 /* RepoWatcherIntents.appex */; settings = {ATTRIBUTES = (RemoveHeadersOnCopy, ); }; };
		EDE2D5BF28D6834B00E60C10 /* SelectRepoIntents.intentdefinition in Sources */ = {isa = PBXBuildFile; fileRef = EDE2D5A928D6818400E60C10 /* SelectRepoIntents.intentdefinition */; };
		EDE2D5C028D683D300E60C10 /* UserDefaults+Ext.swift in Sources */ = {isa = PBXBuildFile; fileRef = EDE2D5A728D6743C00E60C10 /* UserDefaults+Ext.swift */; };
		EDFD625828AAC62D004C8C0F /* RepoMediumView.swift in Sources */ = {isa = PBXBuildFile; fileRef = EDFD625728AAC62D004C8C0F /* RepoMediumView.swift */; };
		EDFD625A28AACCD4004C8C0F /* MockData.swift in Sources */ = {isa = PBXBuildFile; fileRef = EDFD625928AACCD4004C8C0F /* MockData.swift */; };
/* End PBXBuildFile section */

/* Begin PBXContainerItemProxy section */
		ED6D093228A5808C002BC3CB /* PBXContainerItemProxy */ = {
			isa = PBXContainerItemProxy;
			containerPortal = ED6D090928A5802C002BC3CB /* Project object */;
			proxyType = 1;
			remoteGlobalIDString = ED6D092528A5808B002BC3CB;
			remoteInfo = RepoWatcherWidgetExtension;
		};
		EDE2D5B828D6827800E60C10 /* PBXContainerItemProxy */ = {
			isa = PBXContainerItemProxy;
			containerPortal = ED6D090928A5802C002BC3CB /* Project object */;
			proxyType = 1;
			remoteGlobalIDString = EDE2D5B028D6827800E60C10;
			remoteInfo = RepoWatcherIntents;
		};
/* End PBXContainerItemProxy section */

/* Begin PBXCopyFilesBuildPhase section */
		ED6D093828A5808C002BC3CB /* Embed Foundation Extensions */ = {
			isa = PBXCopyFilesBuildPhase;
			buildActionMask = 2147483647;
			dstPath = "";
			dstSubfolderSpec = 13;
			files = (
				ED6D093428A5808C002BC3CB /* RepoWatcherWidgetExtension.appex in Embed Foundation Extensions */,
				EDE2D5BA28D6827800E60C10 /* RepoWatcherIntents.appex in Embed Foundation Extensions */,
			);
			name = "Embed Foundation Extensions";
			runOnlyForDeploymentPostprocessing = 0;
		};
/* End PBXCopyFilesBuildPhase section */

/* Begin PBXFileReference section */
		ED49064B28A593950032C302 /* NetworkManager.swift */ = {isa = PBXFileReference; lastKnownFileType = sourcecode.swift; path = NetworkManager.swift; sourceTree = "<group>"; };
		ED6D091128A5802C002BC3CB /* RepoWatcher.app */ = {isa = PBXFileReference; explicitFileType = wrapper.application; includeInIndex = 0; path = RepoWatcher.app; sourceTree = BUILT_PRODUCTS_DIR; };
		ED6D091428A5802C002BC3CB /* RepoWatcherApp.swift */ = {isa = PBXFileReference; lastKnownFileType = sourcecode.swift; path = RepoWatcherApp.swift; sourceTree = "<group>"; };
		ED6D091628A5802C002BC3CB /* ContentView.swift */ = {isa = PBXFileReference; lastKnownFileType = sourcecode.swift; path = ContentView.swift; sourceTree = "<group>"; };
		ED6D091828A5802C002BC3CB /* Assets.xcassets */ = {isa = PBXFileReference; lastKnownFileType = folder.assetcatalog; path = Assets.xcassets; sourceTree = "<group>"; };
		ED6D091B28A5802C002BC3CB /* Preview Assets.xcassets */ = {isa = PBXFileReference; lastKnownFileType = folder.assetcatalog; path = "Preview Assets.xcassets"; sourceTree = "<group>"; };
		ED6D092628A5808B002BC3CB /* RepoWatcherWidgetExtension.appex */ = {isa = PBXFileReference; explicitFileType = "wrapper.app-extension"; includeInIndex = 0; path = RepoWatcherWidgetExtension.appex; sourceTree = BUILT_PRODUCTS_DIR; };
		ED6D092828A5808B002BC3CB /* WidgetKit.framework */ = {isa = PBXFileReference; lastKnownFileType = wrapper.framework; name = WidgetKit.framework; path = System/Library/Frameworks/WidgetKit.framework; sourceTree = SDKROOT; };
		ED6D092A28A5808C002BC3CB /* SwiftUI.framework */ = {isa = PBXFileReference; lastKnownFileType = wrapper.framework; name = SwiftUI.framework; path = System/Library/Frameworks/SwiftUI.framework; sourceTree = SDKROOT; };
		ED6D092D28A5808C002BC3CB /* DoubleRepoWidget.swift */ = {isa = PBXFileReference; lastKnownFileType = sourcecode.swift; path = DoubleRepoWidget.swift; sourceTree = "<group>"; };
		ED6D092F28A5808C002BC3CB /* Assets.xcassets */ = {isa = PBXFileReference; lastKnownFileType = folder.assetcatalog; path = Assets.xcassets; sourceTree = "<group>"; };
		ED6D093128A5808C002BC3CB /* Info.plist */ = {isa = PBXFileReference; lastKnownFileType = text.plist.xml; path = Info.plist; sourceTree = "<group>"; };
		ED6D093928A5881A002BC3CB /* Repository.swift */ = {isa = PBXFileReference; lastKnownFileType = sourcecode.swift; path = Repository.swift; sourceTree = "<group>"; };
		EDA2B97728ABF2AC004C9D86 /* WidgetBundle.swift */ = {isa = PBXFileReference; lastKnownFileType = sourcecode.swift; path = WidgetBundle.swift; sourceTree = "<group>"; };
		EDA2B97928ABF414004C9D86 /* SingleRepoWidget.swift */ = {isa = PBXFileReference; lastKnownFileType = sourcecode.swift; path = SingleRepoWidget.swift; sourceTree = "<group>"; };
		EDA2B97B28ABFC47004C9D86 /* ContributorMediumView.swift */ = {isa = PBXFileReference; lastKnownFileType = sourcecode.swift; path = ContributorMediumView.swift; sourceTree = "<group>"; };
		EDA2B97D28ABFDFF004C9D86 /* Contributor.swift */ = {isa = PBXFileReference; lastKnownFileType = sourcecode.swift; path = Contributor.swift; sourceTree = "<group>"; };
		EDE2D5A628D673CC00E60C10 /* RepoWatcher.entitlements */ = {isa = PBXFileReference; lastKnownFileType = text.plist.entitlements; path = RepoWatcher.entitlements; sourceTree = "<group>"; };
		EDE2D5A728D6743C00E60C10 /* UserDefaults+Ext.swift */ = {isa = PBXFileReference; lastKnownFileType = sourcecode.swift; path = "UserDefaults+Ext.swift"; sourceTree = "<group>"; };
		EDE2D5A928D6818400E60C10 /* SelectRepoIntents.intentdefinition */ = {isa = PBXFileReference; lastKnownFileType = file.intentdefinition; path = SelectRepoIntents.intentdefinition; sourceTree = "<group>"; };
		EDE2D5AC28D681B900E60C10 /* Info.plist */ = {isa = PBXFileReference; lastKnownFileType = text.plist; path = Info.plist; sourceTree = "<group>"; };
		EDE2D5B128D6827800E60C10 /* RepoWatcherIntents.appex */ = {isa = PBXFileReference; explicitFileType = "wrapper.app-extension"; includeInIndex = 0; path = RepoWatcherIntents.appex; sourceTree = BUILT_PRODUCTS_DIR; };
		EDE2D5B228D6827800E60C10 /* Intents.framework */ = {isa = PBXFileReference; lastKnownFileType = wrapper.framework; name = Intents.framework; path = System/Library/Frameworks/Intents.framework; sourceTree = SDKROOT; };
		EDE2D5B528D6827800E60C10 /* IntentHandler.swift */ = {isa = PBXFileReference; lastKnownFileType = sourcecode.swift; path = IntentHandler.swift; sourceTree = "<group>"; };
		EDE2D5B728D6827800E60C10 /* Info.plist */ = {isa = PBXFileReference; lastKnownFileType = text.plist.xml; path = Info.plist; sourceTree = "<group>"; };
		EDE2D5BE28D6829900E60C10 /* RepoWatcherIntents.entitlements */ = {isa = PBXFileReference; lastKnownFileType = text.plist.entitlements; path = RepoWatcherIntents.entitlements; sourceTree = "<group>"; };
		EDFD625728AAC62D004C8C0F /* RepoMediumView.swift */ = {isa = PBXFileReference; lastKnownFileType = sourcecode.swift; path = RepoMediumView.swift; sourceTree = "<group>"; };
		EDFD625928AACCD4004C8C0F /* MockData.swift */ = {isa = PBXFileReference; lastKnownFileType = sourcecode.swift; path = MockData.swift; sourceTree = "<group>"; };
/* End PBXFileReference section */

/* Begin PBXFrameworksBuildPhase section */
		ED6D090E28A5802C002BC3CB /* Frameworks */ = {
			isa = PBXFrameworksBuildPhase;
			buildActionMask = 2147483647;
			files = (
			);
			runOnlyForDeploymentPostprocessing = 0;
		};
		ED6D092328A5808B002BC3CB /* Frameworks */ = {
			isa = PBXFrameworksBuildPhase;
			buildActionMask = 2147483647;
			files = (
				ED6D092B28A5808C002BC3CB /* SwiftUI.framework in Frameworks */,
				ED6D092928A5808C002BC3CB /* WidgetKit.framework in Frameworks */,
			);
			runOnlyForDeploymentPostprocessing = 0;
		};
		EDE2D5AE28D6827800E60C10 /* Frameworks */ = {
			isa = PBXFrameworksBuildPhase;
			buildActionMask = 2147483647;
			files = (
				EDE2D5B328D6827800E60C10 /* Intents.framework in Frameworks */,
			);
			runOnlyForDeploymentPostprocessing = 0;
		};
/* End PBXFrameworksBuildPhase section */

/* Begin PBXGroup section */
		ED2E363E28AD346F00EAC1EC /* Widgets */ = {
			isa = PBXGroup;
			children = (
				EDA2B97928ABF414004C9D86 /* SingleRepoWidget.swift */,
				ED6D092D28A5808C002BC3CB /* DoubleRepoWidget.swift */,
			);
			path = Widgets;
			sourceTree = "<group>";
		};
		ED2E363F28AD347C00EAC1EC /* Views */ = {
			isa = PBXGroup;
			children = (
				EDFD625728AAC62D004C8C0F /* RepoMediumView.swift */,
				EDA2B97B28ABFC47004C9D86 /* ContributorMediumView.swift */,
			);
			path = Views;
			sourceTree = "<group>";
		};
		ED6D090828A5802C002BC3CB = {
			isa = PBXGroup;
			children = (
				ED6D091328A5802C002BC3CB /* RepoWatcher */,
				ED6D092C28A5808C002BC3CB /* RepoWatcherWidget */,
				EDE2D5B428D6827800E60C10 /* RepoWatcherIntents */,
				ED6D092728A5808B002BC3CB /* Frameworks */,
				ED6D091228A5802C002BC3CB /* Products */,
			);
			sourceTree = "<group>";
		};
		ED6D091228A5802C002BC3CB /* Products */ = {
			isa = PBXGroup;
			children = (
				ED6D091128A5802C002BC3CB /* RepoWatcher.app */,
				ED6D092628A5808B002BC3CB /* RepoWatcherWidgetExtension.appex */,
				EDE2D5B128D6827800E60C10 /* RepoWatcherIntents.appex */,
			);
			name = Products;
			sourceTree = "<group>";
		};
		ED6D091328A5802C002BC3CB /* RepoWatcher */ = {
			isa = PBXGroup;
			children = (
				EDE2D5AC28D681B900E60C10 /* Info.plist */,
				EDE2D5A628D673CC00E60C10 /* RepoWatcher.entitlements */,
				ED6D091428A5802C002BC3CB /* RepoWatcherApp.swift */,
				ED6D091628A5802C002BC3CB /* ContentView.swift */,
				ED6D093928A5881A002BC3CB /* Repository.swift */,
				EDA2B97D28ABFDFF004C9D86 /* Contributor.swift */,
				EDE2D5A728D6743C00E60C10 /* UserDefaults+Ext.swift */,
				ED49064B28A593950032C302 /* NetworkManager.swift */,
				ED6D091828A5802C002BC3CB /* Assets.xcassets */,
				ED6D091A28A5802C002BC3CB /* Preview Content */,
			);
			path = RepoWatcher;
			sourceTree = "<group>";
		};
		ED6D091A28A5802C002BC3CB /* Preview Content */ = {
			isa = PBXGroup;
			children = (
				ED6D091B28A5802C002BC3CB /* Preview Assets.xcassets */,
			);
			path = "Preview Content";
			sourceTree = "<group>";
		};
		ED6D092728A5808B002BC3CB /* Frameworks */ = {
			isa = PBXGroup;
			children = (
				ED6D092828A5808B002BC3CB /* WidgetKit.framework */,
				ED6D092A28A5808C002BC3CB /* SwiftUI.framework */,
				EDE2D5B228D6827800E60C10 /* Intents.framework */,
			);
			name = Frameworks;
			sourceTree = "<group>";
		};
		ED6D092C28A5808C002BC3CB /* RepoWatcherWidget */ = {
			isa = PBXGroup;
			children = (
				EDA2B97728ABF2AC004C9D86 /* WidgetBundle.swift */,
				EDFD625928AACCD4004C8C0F /* MockData.swift */,
				ED2E363E28AD346F00EAC1EC /* Widgets */,
				ED2E363F28AD347C00EAC1EC /* Views */,
				ED6D092F28A5808C002BC3CB /* Assets.xcassets */,
				ED6D093128A5808C002BC3CB /* Info.plist */,
				EDE2D5A928D6818400E60C10 /* SelectRepoIntents.intentdefinition */,
			);
			path = RepoWatcherWidget;
			sourceTree = "<group>";
		};
		EDE2D5B428D6827800E60C10 /* RepoWatcherIntents */ = {
			isa = PBXGroup;
			children = (
				EDE2D5BE28D6829900E60C10 /* RepoWatcherIntents.entitlements */,
				EDE2D5B528D6827800E60C10 /* IntentHandler.swift */,
				EDE2D5B728D6827800E60C10 /* Info.plist */,
			);
			path = RepoWatcherIntents;
			sourceTree = "<group>";
		};
/* End PBXGroup section */

/* Begin PBXNativeTarget section */
		ED6D091028A5802C002BC3CB /* RepoWatcher */ = {
			isa = PBXNativeTarget;
			buildConfigurationList = ED6D091F28A5802C002BC3CB /* Build configuration list for PBXNativeTarget "RepoWatcher" */;
			buildPhases = (
				ED6D090D28A5802C002BC3CB /* Sources */,
				ED6D090E28A5802C002BC3CB /* Frameworks */,
				ED6D090F28A5802C002BC3CB /* Resources */,
				ED6D093828A5808C002BC3CB /* Embed Foundation Extensions */,
			);
			buildRules = (
			);
			dependencies = (
				ED6D093328A5808C002BC3CB /* PBXTargetDependency */,
				EDE2D5B928D6827800E60C10 /* PBXTargetDependency */,
			);
			name = RepoWatcher;
			productName = RepoWatcher;
			productReference = ED6D091128A5802C002BC3CB /* RepoWatcher.app */;
			productType = "com.apple.product-type.application";
		};
		ED6D092528A5808B002BC3CB /* RepoWatcherWidgetExtension */ = {
			isa = PBXNativeTarget;
			buildConfigurationList = ED6D093528A5808C002BC3CB /* Build configuration list for PBXNativeTarget "RepoWatcherWidgetExtension" */;
			buildPhases = (
				ED6D092228A5808B002BC3CB /* Sources */,
				ED6D092328A5808B002BC3CB /* Frameworks */,
				ED6D092428A5808B002BC3CB /* Resources */,
			);
			buildRules = (
			);
			dependencies = (
			);
			name = RepoWatcherWidgetExtension;
			productName = RepoWatcherWidgetExtension;
			productReference = ED6D092628A5808B002BC3CB /* RepoWatcherWidgetExtension.appex */;
			productType = "com.apple.product-type.app-extension";
		};
		EDE2D5B028D6827800E60C10 /* RepoWatcherIntents */ = {
			isa = PBXNativeTarget;
			buildConfigurationList = EDE2D5BB28D6827800E60C10 /* Build configuration list for PBXNativeTarget "RepoWatcherIntents" */;
			buildPhases = (
				EDE2D5AD28D6827800E60C10 /* Sources */,
				EDE2D5AE28D6827800E60C10 /* Frameworks */,
				EDE2D5AF28D6827800E60C10 /* Resources */,
			);
			buildRules = (
			);
			dependencies = (
			);
			name = RepoWatcherIntents;
			productName = RepoWatcherIntents;
			productReference = EDE2D5B128D6827800E60C10 /* RepoWatcherIntents.appex */;
			productType = "com.apple.product-type.app-extension";
		};
/* End PBXNativeTarget section */

/* Begin PBXProject section */
		ED6D090928A5802C002BC3CB /* Project object */ = {
			isa = PBXProject;
			attributes = {
				BuildIndependentTargetsInParallel = 1;
				LastSwiftUpdateCheck = 1400;
				LastUpgradeCheck = 1400;
				TargetAttributes = {
					ED6D091028A5802C002BC3CB = {
						CreatedOnToolsVersion = 14.0;
					};
					ED6D092528A5808B002BC3CB = {
						CreatedOnToolsVersion = 14.0;
					};
					EDE2D5B028D6827800E60C10 = {
						CreatedOnToolsVersion = 14.0;
					};
				};
			};
			buildConfigurationList = ED6D090C28A5802C002BC3CB /* Build configuration list for PBXProject "RepoWatcher" */;
			compatibilityVersion = "Xcode 14.0";
			developmentRegion = en;
			hasScannedForEncodings = 0;
			knownRegions = (
				en,
				Base,
			);
			mainGroup = ED6D090828A5802C002BC3CB;
			productRefGroup = ED6D091228A5802C002BC3CB /* Products */;
			projectDirPath = "";
			projectRoot = "";
			targets = (
				ED6D091028A5802C002BC3CB /* RepoWatcher */,
				ED6D092528A5808B002BC3CB /* RepoWatcherWidgetExtension */,
				EDE2D5B028D6827800E60C10 /* RepoWatcherIntents */,
			);
		};
/* End PBXProject section */

/* Begin PBXResourcesBuildPhase section */
		ED6D090F28A5802C002BC3CB /* Resources */ = {
			isa = PBXResourcesBuildPhase;
			buildActionMask = 2147483647;
			files = (
				ED6D091C28A5802C002BC3CB /* Preview Assets.xcassets in Resources */,
				ED6D091928A5802C002BC3CB /* Assets.xcassets in Resources */,
			);
			runOnlyForDeploymentPostprocessing = 0;
		};
		ED6D092428A5808B002BC3CB /* Resources */ = {
			isa = PBXResourcesBuildPhase;
			buildActionMask = 2147483647;
			files = (
				ED6D093028A5808C002BC3CB /* Assets.xcassets in Resources */,
			);
			runOnlyForDeploymentPostprocessing = 0;
		};
		EDE2D5AF28D6827800E60C10 /* Resources */ = {
			isa = PBXResourcesBuildPhase;
			buildActionMask = 2147483647;
			files = (
			);
			runOnlyForDeploymentPostprocessing = 0;
		};
/* End PBXResourcesBuildPhase section */

/* Begin PBXSourcesBuildPhase section */
		ED6D090D28A5802C002BC3CB /* Sources */ = {
			isa = PBXSourcesBuildPhase;
			buildActionMask = 2147483647;
			files = (
				ED49064C28A593950032C302 /* NetworkManager.swift in Sources */,
				EDA2B97E28ABFDFF004C9D86 /* Contributor.swift in Sources */,
				EDE2D5A828D6743C00E60C10 /* UserDefaults+Ext.swift in Sources */,
				EDE2D5AA28D6818400E60C10 /* SelectRepoIntents.intentdefinition in Sources */,
				ED6D091728A5802C002BC3CB /* ContentView.swift in Sources */,
				ED6D091528A5802C002BC3CB /* RepoWatcherApp.swift in Sources */,
				ED6D093A28A5881A002BC3CB /* Repository.swift in Sources */,
			);
			runOnlyForDeploymentPostprocessing = 0;
		};
		ED6D092228A5808B002BC3CB /* Sources */ = {
			isa = PBXSourcesBuildPhase;
			buildActionMask = 2147483647;
			files = (
				EDE2D5AB28D6818400E60C10 /* SelectRepoIntents.intentdefinition in Sources */,
				EDA2B97A28ABF414004C9D86 /* SingleRepoWidget.swift in Sources */,
				EDA2B97F28ABFDFF004C9D86 /* Contributor.swift in Sources */,
				ED49064D28A593950032C302 /* NetworkManager.swift in Sources */,
				EDFD625828AAC62D004C8C0F /* RepoMediumView.swift in Sources */,
				ED6D092E28A5808C002BC3CB /* DoubleRepoWidget.swift in Sources */,
				EDA2B97828ABF2AC004C9D86 /* WidgetBundle.swift in Sources */,
				EDA2B97C28ABFC47004C9D86 /* ContributorMediumView.swift in Sources */,
				ED6D093C28A58B12002BC3CB /* Repository.swift in Sources */,
				EDFD625A28AACCD4004C8C0F /* MockData.swift in Sources */,
			);
			runOnlyForDeploymentPostprocessing = 0;
		};
		EDE2D5AD28D6827800E60C10 /* Sources */ = {
			isa = PBXSourcesBuildPhase;
			buildActionMask = 2147483647;
			files = (
				EDE2D5BF28D6834B00E60C10 /* SelectRepoIntents.intentdefinition in Sources */,
				EDE2D5B628D6827800E60C10 /* IntentHandler.swift in Sources */,
				EDE2D5C028D683D300E60C10 /* UserDefaults+Ext.swift in Sources */,
			);
			runOnlyForDeploymentPostprocessing = 0;
		};
/* End PBXSourcesBuildPhase section */

/* Begin PBXTargetDependency section */
		ED6D093328A5808C002BC3CB /* PBXTargetDependency */ = {
			isa = PBXTargetDependency;
			target = ED6D092528A5808B002BC3CB /* RepoWatcherWidgetExtension */;
			targetProxy = ED6D093228A5808C002BC3CB /* PBXContainerItemProxy */;
		};
		EDE2D5B928D6827800E60C10 /* PBXTargetDependency */ = {
			isa = PBXTargetDependency;
			target = EDE2D5B028D6827800E60C10 /* RepoWatcherIntents */;
			targetProxy = EDE2D5B828D6827800E60C10 /* PBXContainerItemProxy */;
		};
/* End PBXTargetDependency section */

/* Begin XCBuildConfiguration section */
		ED6D091D28A5802C002BC3CB /* Debug */ = {
			isa = XCBuildConfiguration;
			buildSettings = {
				ALWAYS_SEARCH_USER_PATHS = NO;
				CLANG_ANALYZER_NONNULL = YES;
				CLANG_ANALYZER_NUMBER_OBJECT_CONVERSION = YES_AGGRESSIVE;
				CLANG_CXX_LANGUAGE_STANDARD = "gnu++20";
				CLANG_ENABLE_MODULES = YES;
				CLANG_ENABLE_OBJC_ARC = YES;
				CLANG_ENABLE_OBJC_WEAK = YES;
				CLANG_WARN_BLOCK_CAPTURE_AUTORELEASING = YES;
				CLANG_WARN_BOOL_CONVERSION = YES;
				CLANG_WARN_COMMA = YES;
				CLANG_WARN_CONSTANT_CONVERSION = YES;
				CLANG_WARN_DEPRECATED_OBJC_IMPLEMENTATIONS = YES;
				CLANG_WARN_DIRECT_OBJC_ISA_USAGE = YES_ERROR;
				CLANG_WARN_DOCUMENTATION_COMMENTS = YES;
				CLANG_WARN_EMPTY_BODY = YES;
				CLANG_WARN_ENUM_CONVERSION = YES;
				CLANG_WARN_INFINITE_RECURSION = YES;
				CLANG_WARN_INT_CONVERSION = YES;
				CLANG_WARN_NON_LITERAL_NULL_CONVERSION = YES;
				CLANG_WARN_OBJC_IMPLICIT_RETAIN_SELF = YES;
				CLANG_WARN_OBJC_LITERAL_CONVERSION = YES;
				CLANG_WARN_OBJC_ROOT_CLASS = YES_ERROR;
				CLANG_WARN_QUOTED_INCLUDE_IN_FRAMEWORK_HEADER = YES;
				CLANG_WARN_RANGE_LOOP_ANALYSIS = YES;
				CLANG_WARN_STRICT_PROTOTYPES = YES;
				CLANG_WARN_SUSPICIOUS_MOVE = YES;
				CLANG_WARN_UNGUARDED_AVAILABILITY = YES_AGGRESSIVE;
				CLANG_WARN_UNREACHABLE_CODE = YES;
				CLANG_WARN__DUPLICATE_METHOD_MATCH = YES;
				COPY_PHASE_STRIP = NO;
				DEBUG_INFORMATION_FORMAT = dwarf;
				ENABLE_STRICT_OBJC_MSGSEND = YES;
				ENABLE_TESTABILITY = YES;
				GCC_C_LANGUAGE_STANDARD = gnu11;
				GCC_DYNAMIC_NO_PIC = NO;
				GCC_NO_COMMON_BLOCKS = YES;
				GCC_OPTIMIZATION_LEVEL = 0;
				GCC_PREPROCESSOR_DEFINITIONS = (
					"DEBUG=1",
					"$(inherited)",
				);
				GCC_WARN_64_TO_32_BIT_CONVERSION = YES;
				GCC_WARN_ABOUT_RETURN_TYPE = YES_ERROR;
				GCC_WARN_UNDECLARED_SELECTOR = YES;
				GCC_WARN_UNINITIALIZED_AUTOS = YES_AGGRESSIVE;
				GCC_WARN_UNUSED_FUNCTION = YES;
				GCC_WARN_UNUSED_VARIABLE = YES;
				IPHONEOS_DEPLOYMENT_TARGET = 16.0;
				MTL_ENABLE_DEBUG_INFO = INCLUDE_SOURCE;
				MTL_FAST_MATH = YES;
				ONLY_ACTIVE_ARCH = YES;
				SDKROOT = iphoneos;
				SWIFT_ACTIVE_COMPILATION_CONDITIONS = DEBUG;
				SWIFT_OPTIMIZATION_LEVEL = "-Onone";
			};
			name = Debug;
		};
		ED6D091E28A5802C002BC3CB /* Release */ = {
			isa = XCBuildConfiguration;
			buildSettings = {
				ALWAYS_SEARCH_USER_PATHS = NO;
				CLANG_ANALYZER_NONNULL = YES;
				CLANG_ANALYZER_NUMBER_OBJECT_CONVERSION = YES_AGGRESSIVE;
				CLANG_CXX_LANGUAGE_STANDARD = "gnu++20";
				CLANG_ENABLE_MODULES = YES;
				CLANG_ENABLE_OBJC_ARC = YES;
				CLANG_ENABLE_OBJC_WEAK = YES;
				CLANG_WARN_BLOCK_CAPTURE_AUTORELEASING = YES;
				CLANG_WARN_BOOL_CONVERSION = YES;
				CLANG_WARN_COMMA = YES;
				CLANG_WARN_CONSTANT_CONVERSION = YES;
				CLANG_WARN_DEPRECATED_OBJC_IMPLEMENTATIONS = YES;
				CLANG_WARN_DIRECT_OBJC_ISA_USAGE = YES_ERROR;
				CLANG_WARN_DOCUMENTATION_COMMENTS = YES;
				CLANG_WARN_EMPTY_BODY = YES;
				CLANG_WARN_ENUM_CONVERSION = YES;
				CLANG_WARN_INFINITE_RECURSION = YES;
				CLANG_WARN_INT_CONVERSION = YES;
				CLANG_WARN_NON_LITERAL_NULL_CONVERSION = YES;
				CLANG_WARN_OBJC_IMPLICIT_RETAIN_SELF = YES;
				CLANG_WARN_OBJC_LITERAL_CONVERSION = YES;
				CLANG_WARN_OBJC_ROOT_CLASS = YES_ERROR;
				CLANG_WARN_QUOTED_INCLUDE_IN_FRAMEWORK_HEADER = YES;
				CLANG_WARN_RANGE_LOOP_ANALYSIS = YES;
				CLANG_WARN_STRICT_PROTOTYPES = YES;
				CLANG_WARN_SUSPICIOUS_MOVE = YES;
				CLANG_WARN_UNGUARDED_AVAILABILITY = YES_AGGRESSIVE;
				CLANG_WARN_UNREACHABLE_CODE = YES;
				CLANG_WARN__DUPLICATE_METHOD_MATCH = YES;
				COPY_PHASE_STRIP = NO;
				DEBUG_INFORMATION_FORMAT = "dwarf-with-dsym";
				ENABLE_NS_ASSERTIONS = NO;
				ENABLE_STRICT_OBJC_MSGSEND = YES;
				GCC_C_LANGUAGE_STANDARD = gnu11;
				GCC_NO_COMMON_BLOCKS = YES;
				GCC_WARN_64_TO_32_BIT_CONVERSION = YES;
				GCC_WARN_ABOUT_RETURN_TYPE = YES_ERROR;
				GCC_WARN_UNDECLARED_SELECTOR = YES;
				GCC_WARN_UNINITIALIZED_AUTOS = YES_AGGRESSIVE;
				GCC_WARN_UNUSED_FUNCTION = YES;
				GCC_WARN_UNUSED_VARIABLE = YES;
				IPHONEOS_DEPLOYMENT_TARGET = 16.0;
				MTL_ENABLE_DEBUG_INFO = NO;
				MTL_FAST_MATH = YES;
				SDKROOT = iphoneos;
				SWIFT_COMPILATION_MODE = wholemodule;
				SWIFT_OPTIMIZATION_LEVEL = "-O";
				VALIDATE_PRODUCT = YES;
			};
			name = Release;
		};
		ED6D092028A5802C002BC3CB /* Debug */ = {
			isa = XCBuildConfiguration;
			buildSettings = {
				ALWAYS_EMBED_SWIFT_STANDARD_LIBRARIES = YES;
				ASSETCATALOG_COMPILER_APPICON_NAME = AppIcon;
				ASSETCATALOG_COMPILER_GLOBAL_ACCENT_COLOR_NAME = AccentColor;
				CODE_SIGN_ENTITLEMENTS = RepoWatcher/RepoWatcher.entitlements;
				CODE_SIGN_STYLE = Automatic;
				CURRENT_PROJECT_VERSION = 1;
				DEVELOPMENT_ASSET_PATHS = "\"RepoWatcher/Preview Content\"";
				DEVELOPMENT_TEAM = H69U55MWXW;
				ENABLE_PREVIEWS = YES;
				GENERATE_INFOPLIST_FILE = YES;
				INFOPLIST_FILE = RepoWatcher/Info.plist;
				INFOPLIST_KEY_UIApplicationSceneManifest_Generation = YES;
				INFOPLIST_KEY_UIApplicationSupportsIndirectInputEvents = YES;
				INFOPLIST_KEY_UILaunchScreen_Generation = YES;
				INFOPLIST_KEY_UISupportedInterfaceOrientations_iPad = "UIInterfaceOrientationPortrait UIInterfaceOrientationPortraitUpsideDown UIInterfaceOrientationLandscapeLeft UIInterfaceOrientationLandscapeRight";
				INFOPLIST_KEY_UISupportedInterfaceOrientations_iPhone = "UIInterfaceOrientationPortrait UIInterfaceOrientationLandscapeLeft UIInterfaceOrientationLandscapeRight";
				LD_RUNPATH_SEARCH_PATHS = (
					"$(inherited)",
					"@executable_path/Frameworks",
				);
				MARKETING_VERSION = 1.0;
				PRODUCT_BUNDLE_IDENTIFIER = co.seanallen.RepoWatcher;
				PRODUCT_NAME = "$(TARGET_NAME)";
				SWIFT_EMIT_LOC_STRINGS = YES;
				SWIFT_VERSION = 5.0;
				TARGETED_DEVICE_FAMILY = "1,2";
			};
			name = Debug;
		};
		ED6D092128A5802C002BC3CB /* Release */ = {
			isa = XCBuildConfiguration;
			buildSettings = {
				ALWAYS_EMBED_SWIFT_STANDARD_LIBRARIES = YES;
				ASSETCATALOG_COMPILER_APPICON_NAME = AppIcon;
				ASSETCATALOG_COMPILER_GLOBAL_ACCENT_COLOR_NAME = AccentColor;
				CODE_SIGN_ENTITLEMENTS = RepoWatcher/RepoWatcher.entitlements;
				CODE_SIGN_STYLE = Automatic;
				CURRENT_PROJECT_VERSION = 1;
				DEVELOPMENT_ASSET_PATHS = "\"RepoWatcher/Preview Content\"";
				DEVELOPMENT_TEAM = H69U55MWXW;
				ENABLE_PREVIEWS = YES;
				GENERATE_INFOPLIST_FILE = YES;
				INFOPLIST_FILE = RepoWatcher/Info.plist;
				INFOPLIST_KEY_UIApplicationSceneManifest_Generation = YES;
				INFOPLIST_KEY_UIApplicationSupportsIndirectInputEvents = YES;
				INFOPLIST_KEY_UILaunchScreen_Generation = YES;
				INFOPLIST_KEY_UISupportedInterfaceOrientations_iPad = "UIInterfaceOrientationPortrait UIInterfaceOrientationPortraitUpsideDown UIInterfaceOrientationLandscapeLeft UIInterfaceOrientationLandscapeRight";
				INFOPLIST_KEY_UISupportedInterfaceOrientations_iPhone = "UIInterfaceOrientationPortrait UIInterfaceOrientationLandscapeLeft UIInterfaceOrientationLandscapeRight";
				LD_RUNPATH_SEARCH_PATHS = (
					"$(inherited)",
					"@executable_path/Frameworks",
				);
				MARKETING_VERSION = 1.0;
				PRODUCT_BUNDLE_IDENTIFIER = co.seanallen.RepoWatcher;
				PRODUCT_NAME = "$(TARGET_NAME)";
				SWIFT_EMIT_LOC_STRINGS = YES;
				SWIFT_VERSION = 5.0;
				TARGETED_DEVICE_FAMILY = "1,2";
			};
			name = Release;
		};
		ED6D093628A5808C002BC3CB /* Debug */ = {
			isa = XCBuildConfiguration;
			buildSettings = {
				ASSETCATALOG_COMPILER_GLOBAL_ACCENT_COLOR_NAME = AccentColor;
				ASSETCATALOG_COMPILER_WIDGET_BACKGROUND_COLOR_NAME = WidgetBackground;
				CODE_SIGN_STYLE = Automatic;
				CURRENT_PROJECT_VERSION = 1;
				DEVELOPMENT_TEAM = H69U55MWXW;
				GENERATE_INFOPLIST_FILE = YES;
				INFOPLIST_FILE = RepoWatcherWidget/Info.plist;
				INFOPLIST_KEY_CFBundleDisplayName = RepoWatcherWidget;
				INFOPLIST_KEY_NSHumanReadableCopyright = "";
				LD_RUNPATH_SEARCH_PATHS = (
					"$(inherited)",
					"@executable_path/Frameworks",
					"@executable_path/../../Frameworks",
				);
				MARKETING_VERSION = 1.0;
				PRODUCT_BUNDLE_IDENTIFIER = co.seanallen.RepoWatcher.RepoWatcherWidget;
				PRODUCT_NAME = "$(TARGET_NAME)";
				SKIP_INSTALL = YES;
				SWIFT_EMIT_LOC_STRINGS = YES;
				SWIFT_VERSION = 5.0;
				TARGETED_DEVICE_FAMILY = "1,2";
			};
			name = Debug;
		};
		ED6D093728A5808C002BC3CB /* Release */ = {
			isa = XCBuildConfiguration;
			buildSettings = {
				ASSETCATALOG_COMPILER_GLOBAL_ACCENT_COLOR_NAME = AccentColor;
				ASSETCATALOG_COMPILER_WIDGET_BACKGROUND_COLOR_NAME = WidgetBackground;
				CODE_SIGN_STYLE = Automatic;
				CURRENT_PROJECT_VERSION = 1;
				DEVELOPMENT_TEAM = H69U55MWXW;
				GENERATE_INFOPLIST_FILE = YES;
				INFOPLIST_FILE = RepoWatcherWidget/Info.plist;
				INFOPLIST_KEY_CFBundleDisplayName = RepoWatcherWidget;
				INFOPLIST_KEY_NSHumanReadableCopyright = "";
				LD_RUNPATH_SEARCH_PATHS = (
					"$(inherited)",
					"@executable_path/Frameworks",
					"@executable_path/../../Frameworks",
				);
				MARKETING_VERSION = 1.0;
				PRODUCT_BUNDLE_IDENTIFIER = co.seanallen.RepoWatcher.RepoWatcherWidget;
				PRODUCT_NAME = "$(TARGET_NAME)";
				SKIP_INSTALL = YES;
				SWIFT_EMIT_LOC_STRINGS = YES;
				SWIFT_VERSION = 5.0;
				TARGETED_DEVICE_FAMILY = "1,2";
			};
			name = Release;
		};
		EDE2D5BC28D6827800E60C10 /* Debug */ = {
			isa = XCBuildConfiguration;
			buildSettings = {
				CODE_SIGN_ENTITLEMENTS = RepoWatcherIntents/RepoWatcherIntents.entitlements;
				CODE_SIGN_STYLE = Automatic;
				CURRENT_PROJECT_VERSION = 1;
				DEVELOPMENT_TEAM = H69U55MWXW;
				GENERATE_INFOPLIST_FILE = YES;
				INFOPLIST_FILE = RepoWatcherIntents/Info.plist;
				INFOPLIST_KEY_CFBundleDisplayName = RepoWatcherIntents;
				INFOPLIST_KEY_NSHumanReadableCopyright = "";
				LD_RUNPATH_SEARCH_PATHS = (
					"$(inherited)",
					"@executable_path/Frameworks",
					"@executable_path/../../Frameworks",
				);
				MARKETING_VERSION = 1.0;
				PRODUCT_BUNDLE_IDENTIFIER = co.seanallen.RepoWatcher.RepoWatcherIntents;
				PRODUCT_NAME = "$(TARGET_NAME)";
				SKIP_INSTALL = YES;
				SWIFT_EMIT_LOC_STRINGS = YES;
				SWIFT_VERSION = 5.0;
				TARGETED_DEVICE_FAMILY = "1,2";
			};
			name = Debug;
		};
		EDE2D5BD28D6827800E60C10 /* Release */ = {
			isa = XCBuildConfiguration;
			buildSettings = {
				CODE_SIGN_ENTITLEMENTS = RepoWatcherIntents/RepoWatcherIntents.entitlements;
				CODE_SIGN_STYLE = Automatic;
				CURRENT_PROJECT_VERSION = 1;
				DEVELOPMENT_TEAM = H69U55MWXW;
				GENERATE_INFOPLIST_FILE = YES;
				INFOPLIST_FILE = RepoWatcherIntents/Info.plist;
				INFOPLIST_KEY_CFBundleDisplayName = RepoWatcherIntents;
				INFOPLIST_KEY_NSHumanReadableCopyright = "";
				LD_RUNPATH_SEARCH_PATHS = (
					"$(inherited)",
					"@executable_path/Frameworks",
					"@executable_path/../../Frameworks",
				);
				MARKETING_VERSION = 1.0;
				PRODUCT_BUNDLE_IDENTIFIER = co.seanallen.RepoWatcher.RepoWatcherIntents;
				PRODUCT_NAME = "$(TARGET_NAME)";
				SKIP_INSTALL = YES;
				SWIFT_EMIT_LOC_STRINGS = YES;
				SWIFT_VERSION = 5.0;
				TARGETED_DEVICE_FAMILY = "1,2";
			};
			name = Release;
		};
/* End XCBuildConfiguration section */

/* Begin XCConfigurationList section */
		ED6D090C28A5802C002BC3CB /* Build configuration list for PBXProject "RepoWatcher" */ = {
			isa = XCConfigurationList;
			buildConfigurations = (
				ED6D091D28A5802C002BC3CB /* Debug */,
				ED6D091E28A5802C002BC3CB /* Release */,
			);
			defaultConfigurationIsVisible = 0;
			defaultConfigurationName = Release;
		};
		ED6D091F28A5802C002BC3CB /* Build configuration list for PBXNativeTarget "RepoWatcher" */ = {
			isa = XCConfigurationList;
			buildConfigurations = (
				ED6D092028A5802C002BC3CB /* Debug */,
				ED6D092128A5802C002BC3CB /* Release */,
			);
			defaultConfigurationIsVisible = 0;
			defaultConfigurationName = Release;
		};
		ED6D093528A5808C002BC3CB /* Build configuration list for PBXNativeTarget "RepoWatcherWidgetExtension" */ = {
			isa = XCConfigurationList;
			buildConfigurations = (
				ED6D093628A5808C002BC3CB /* Debug */,
				ED6D093728A5808C002BC3CB /* Release */,
			);
			defaultConfigurationIsVisible = 0;
			defaultConfigurationName = Release;
		};
		EDE2D5BB28D6827800E60C10 /* Build configuration list for PBXNativeTarget "RepoWatcherIntents" */ = {
			isa = XCConfigurationList;
			buildConfigurations = (
				EDE2D5BC28D6827800E60C10 /* Debug */,
				EDE2D5BD28D6827800E60C10 /* Release */,
			);
			defaultConfigurationIsVisible = 0;
			defaultConfigurationName = Release;
		};
/* End XCConfigurationList section */
	};
	rootObject = ED6D090928A5802C002BC3CB /* Project object */;
}
